
Microsoft Visual Studio Solution File, Format Version 12.00
# Visual Studio 15
VisualStudioVersion = 15.0.28307.1321
MinimumVisualStudioVersion = 10.0.40219.1
Project("{FAE04EC0-301F-11D3-BF4B-00C04F79EFBC}") = "Project CMS", "Project CMS\Project CMS.csproj", "{4FB4750F-0F54-4D12-AABF-A02D366E7282}"
EndProject
Global
	GlobalSection(SolutionConfigurationPlatforms) = preSolution
		Debug|Any CPU = Debug|Any CPU
		Release|Any CPU = Release|Any CPU
	EndGlobalSection
	GlobalSection(ProjectConfigurationPlatforms) = postSolution
		{4FB4750F-0F54-4D12-AABF-A02D366E7282}.Debug|Any CPU.ActiveCfg = Debug|Any CPU
		{4FB4750F-0F54-4D12-AABF-A02D366E7282}.Debug|Any CPU.Build.0 = Debug|Any CPU
		{4FB4750F-0F54-4D12-AABF-A02D366E7282}.Release|Any CPU.ActiveCfg = Release|Any CPU
		{4FB4750F-0F54-4D12-AABF-A02D366E7282}.Release|Any CPU.Build.0 = Release|Any CPU
	EndGlobalSection
	GlobalSection(SolutionProperties) = preSolution
		HideSolutionNode = FALSE
	EndGlobalSection
	GlobalSection(ExtensibilityGlobals) = postSolution
		SolutionGuid = {C64F7767-76B6-47E2-8A71-F945189F0780}
	EndGlobalSection
EndGlobal
